
Microsoft Visual Studio Solution File, Format Version 12.00
# Visual Studio Version 17
VisualStudioVersion = 17.0.31903.59
MinimumVisualStudioVersion = 10.0.40219.1
Project("{FAE04EC0-301F-11D3-BF4B-00C04F79EFBC}") = "API", "API\API.csproj", "{86AC2162-27BB-4185-8BEA-24572CA6A1DD}"
EndProject
Project("{FAE04EC0-301F-11D3-BF4B-00C04F79EFBC}") = "Application", "Application\Application.csproj", "{D1811A19-904D-4E63-963A-FD64B167235B}"
EndProject
Project("{FAE04EC0-301F-11D3-BF4B-00C04F79EFBC}") = "Domain", "Domain\Domain.csproj", "{62C4C466-1578-47C0-9380-31115271AD6A}"
EndProject
Project("{FAE04EC0-301F-11D3-BF4B-00C04F79EFBC}") = "Persistence", "Persistence\Persistence.csproj", "{B29E46FD-E6F5-47B8-A925-40A97137B33E}"
EndProject
Global
	GlobalSection(SolutionConfigurationPlatforms) = preSolution
		Debug|Any CPU = Debug|Any CPU
		Release|Any CPU = Release|Any CPU
	EndGlobalSection
	GlobalSection(SolutionProperties) = preSolution
		HideSolutionNode = FALSE
	EndGlobalSection
	GlobalSection(ProjectConfigurationPlatforms) = postSolution
		{86AC2162-27BB-4185-8BEA-24572CA6A1DD}.Debug|Any CPU.ActiveCfg = Debug|Any CPU
		{86AC2162-27BB-4185-8BEA-24572CA6A1DD}.Debug|Any CPU.Build.0 = Debug|Any CPU
		{86AC2162-27BB-4185-8BEA-24572CA6A1DD}.Release|Any CPU.ActiveCfg = Release|Any CPU
		{86AC2162-27BB-4185-8BEA-24572CA6A1DD}.Release|Any CPU.Build.0 = Release|Any CPU
		{D1811A19-904D-4E63-963A-FD64B167235B}.Debug|Any CPU.ActiveCfg = Debug|Any CPU
		{D1811A19-904D-4E63-963A-FD64B167235B}.Debug|Any CPU.Build.0 = Debug|Any CPU
		{D1811A19-904D-4E63-963A-FD64B167235B}.Release|Any CPU.ActiveCfg = Release|Any CPU
		{D1811A19-904D-4E63-963A-FD64B167235B}.Release|Any CPU.Build.0 = Release|Any CPU
		{62C4C466-1578-47C0-9380-31115271AD6A}.Debug|Any CPU.ActiveCfg = Debug|Any CPU
		{62C4C466-1578-47C0-9380-31115271AD6A}.Debug|Any CPU.Build.0 = Debug|Any CPU
		{62C4C466-1578-47C0-9380-31115271AD6A}.Release|Any CPU.ActiveCfg = Release|Any CPU
		{62C4C466-1578-47C0-9380-31115271AD6A}.Release|Any CPU.Build.0 = Release|Any CPU
		{B29E46FD-E6F5-47B8-A925-40A97137B33E}.Debug|Any CPU.ActiveCfg = Debug|Any CPU
		{B29E46FD-E6F5-47B8-A925-40A97137B33E}.Debug|Any CPU.Build.0 = Debug|Any CPU
		{B29E46FD-E6F5-47B8-A925-40A97137B33E}.Release|Any CPU.ActiveCfg = Release|Any CPU
		{B29E46FD-E6F5-47B8-A925-40A97137B33E}.Release|Any CPU.Build.0 = Release|Any CPU
	EndGlobalSection
EndGlobal
